
Microsoft Visual Studio Solution File, Format Version 12.00
# Visual Studio Version 16
VisualStudioVersion = 16.0.32228.343
MinimumVisualStudioVersion = 10.0.40219.1
Project("{FAE04EC0-301F-11D3-BF4B-00C04F79EFBC}") = "project1.2", "project1.2.csproj", "{76B523FB-A5A8-45CE-95BC-99D608225913}"
EndProject
Global
	GlobalSection(SolutionConfigurationPlatforms) = preSolution
		Debug|Any CPU = Debug|Any CPU
		Release|Any CPU = Release|Any CPU
	EndGlobalSection
	GlobalSection(ProjectConfigurationPlatforms) = postSolution
		{76B523FB-A5A8-45CE-95BC-99D608225913}.Debug|Any CPU.ActiveCfg = Debug|Any CPU
		{76B523FB-A5A8-45CE-95BC-99D608225913}.Debug|Any CPU.Build.0 = Debug|Any CPU
		{76B523FB-A5A8-45CE-95BC-99D608225913}.Release|Any CPU.ActiveCfg = Release|Any CPU
		{76B523FB-A5A8-45CE-95BC-99D608225913}.Release|Any CPU.Build.0 = Release|Any CPU
	EndGlobalSection
	GlobalSection(SolutionProperties) = preSolution
		HideSolutionNode = FALSE
	EndGlobalSection
	GlobalSection(ExtensibilityGlobals) = postSolution
		SolutionGuid = {D5213598-37BD-4E02-AEDA-A9EEE337BBD4}
	EndGlobalSection
EndGlobal
